// !$*UTF8*$!
{
	archiveVersion = 1;
	classes = {
	};
	objectVersion = 56;
	objects = {

/* Begin PBXBuildFile section */
		4E2AC78B2B3BAAEF0000CF39 /* AppDelegate.swift in Sources */ = {isa = PBXBuildFile; fileRef = 4E2AC78A2B3BAAEF0000CF39 /* AppDelegate.swift */; };
		4E2AC78D2B3BAAEF0000CF39 /* SceneDelegate.swift in Sources */ = {isa = PBXBuildFile; fileRef = 4E2AC78C2B3BAAEF0000CF39 /* SceneDelegate.swift */; };
		4E2AC78F2B3BAAEF0000CF39 /* BurgerVC.swift in Sources */ = {isa = PBXBuildFile; fileRef = 4E2AC78E2B3BAAEF0000CF39 /* BurgerVC.swift */; };
		4E2AC7922B3BAAEF0000CF39 /* Burger.storyboard in Resources */ = {isa = PBXBuildFile; fileRef = 4E2AC7902B3BAAEF0000CF39 /* Burger.storyboard */; };
		4E2AC7942B3BAAF00000CF39 /* Assets.xcassets in Resources */ = {isa = PBXBuildFile; fileRef = 4E2AC7932B3BAAF00000CF39 /* Assets.xcassets */; };
		4E2AC7972B3BAAF00000CF39 /* LaunchScreen.storyboard in Resources */ = {isa = PBXBuildFile; fileRef = 4E2AC7952B3BAAF00000CF39 /* LaunchScreen.storyboard */; };
		4E2AC7A92B3BB7A80000CF39 /* Pretendard-Bold.otf in Resources */ = {isa = PBXBuildFile; fileRef = 4E2AC7A02B3BB7A70000CF39 /* Pretendard-Bold.otf */; };
		4E2AC7AA2B3BB7A80000CF39 /* Pretendard-ExtraLight.otf in Resources */ = {isa = PBXBuildFile; fileRef = 4E2AC7A12B3BB7A70000CF39 /* Pretendard-ExtraLight.otf */; };
		4E2AC7AB2B3BB7A80000CF39 /* Pretendard-Thin.otf in Resources */ = {isa = PBXBuildFile; fileRef = 4E2AC7A22B3BB7A70000CF39 /* Pretendard-Thin.otf */; };
		4E2AC7AC2B3BB7A80000CF39 /* Pretendard-SemiBold.otf in Resources */ = {isa = PBXBuildFile; fileRef = 4E2AC7A32B3BB7A70000CF39 /* Pretendard-SemiBold.otf */; };
		4E2AC7AD2B3BB7A80000CF39 /* Pretendard-ExtraBold.otf in Resources */ = {isa = PBXBuildFile; fileRef = 4E2AC7A42B3BB7A70000CF39 /* Pretendard-ExtraBold.otf */; };
		4E2AC7AE2B3BB7A80000CF39 /* Pretendard-Black.otf in Resources */ = {isa = PBXBuildFile; fileRef = 4E2AC7A52B3BB7A80000CF39 /* Pretendard-Black.otf */; };
		4E2AC7AF2B3BB7A80000CF39 /* Pretendard-Light.otf in Resources */ = {isa = PBXBuildFile; fileRef = 4E2AC7A62B3BB7A80000CF39 /* Pretendard-Light.otf */; };
		4E2AC7B02B3BB7A80000CF39 /* Pretendard-Regular.otf in Resources */ = {isa = PBXBuildFile; fileRef = 4E2AC7A72B3BB7A80000CF39 /* Pretendard-Regular.otf */; };
		4E2AC7B12B3BB7A80000CF39 /* Pretendard-Medium.otf in Resources */ = {isa = PBXBuildFile; fileRef = 4E2AC7A82B3BB7A80000CF39 /* Pretendard-Medium.otf */; };
		4E89900C2B3C0A9E00B7FB5C /* BurgerCvCell.swift in Sources */ = {isa = PBXBuildFile; fileRef = 4E89900B2B3C0A9E00B7FB5C /* BurgerCvCell.swift */; };
		4E8990132B3C686900B7FB5C /* Beverage.storyboard in Resources */ = {isa = PBXBuildFile; fileRef = 4E8990122B3C686900B7FB5C /* Beverage.storyboard */; };
		4E8990152B3C687D00B7FB5C /* BeverageVC.swift in Sources */ = {isa = PBXBuildFile; fileRef = 4E8990142B3C687D00B7FB5C /* BeverageVC.swift */; };
		4E8990172B3C689C00B7FB5C /* BeverageCvCell.swift in Sources */ = {isa = PBXBuildFile; fileRef = 4E8990162B3C689B00B7FB5C /* BeverageCvCell.swift */; };
		4E8990192B3C8A2A00B7FB5C /* Dessert.storyboard in Resources */ = {isa = PBXBuildFile; fileRef = 4E8990182B3C8A2A00B7FB5C /* Dessert.storyboard */; };
		4E89901B2B3C8A6A00B7FB5C /* DessertVC.swift in Sources */ = {isa = PBXBuildFile; fileRef = 4E89901A2B3C8A6A00B7FB5C /* DessertVC.swift */; };
		4E89901D2B3C8A8200B7FB5C /* DessertCvCell.swift in Sources */ = {isa = PBXBuildFile; fileRef = 4E89901C2B3C8A8200B7FB5C /* DessertCvCell.swift */; };
		4EA7C6AE2B3D12FC00357FE0 /* DetailOption.storyboard in Resources */ = {isa = PBXBuildFile; fileRef = 4EA7C6AD2B3D12FC00357FE0 /* DetailOption.storyboard */; };
		4EA7C6B02B3D133700357FE0 /* DetailOptionVC.swift in Sources */ = {isa = PBXBuildFile; fileRef = 4EA7C6AF2B3D133700357FE0 /* DetailOptionVC.swift */; };
		4EA7C6B42B3D139F00357FE0 /* Cart.storyboard in Resources */ = {isa = PBXBuildFile; fileRef = 4EA7C6B32B3D139F00357FE0 /* Cart.storyboard */; };
		4EA7C6B62B3D13B100357FE0 /* CartPaymentViewController.swift in Sources */ = {isa = PBXBuildFile; fileRef = 4EA7C6B52B3D13B100357FE0 /* CartPaymentViewController.swift */; };
		E04D44562B3E5EA50039FB03 /* CartPaymentCell.swift in Sources */ = {isa = PBXBuildFile; fileRef = E04D44552B3E5EA50039FB03 /* CartPaymentCell.swift */; };
		E04D44582B3E967D0039FB03 /* FooterView.storyboard in Resources */ = {isa = PBXBuildFile; fileRef = E04D44572B3E967D0039FB03 /* FooterView.storyboard */; };
		E04D445B2B3E9F4F0039FB03 /* FooterCell.swift in Sources */ = {isa = PBXBuildFile; fileRef = E04D445A2B3E9F4F0039FB03 /* FooterCell.swift */; };
		E04D445D2B3ED59C0039FB03 /* ModelManage.swift in Sources */ = {isa = PBXBuildFile; fileRef = E04D445C2B3ED59C0039FB03 /* ModelManage.swift */; };
		E06566DA2B3D3E8000CF1567 /* Menu.swift in Sources */ = {isa = PBXBuildFile; fileRef = E06566D92B3D3E8000CF1567 /* Menu.swift */; };
		E06566E32B3D64C300CF1567 /* FooterViewVC.swift in Sources */ = {isa = PBXBuildFile; fileRef = E06566E12B3D64C200CF1567 /* FooterViewVC.swift */; };
/* End PBXBuildFile section */

/* Begin PBXFileReference section */
		4E2AC7872B3BAAEF0000CF39 /* KI5SK.app */ = {isa = PBXFileReference; explicitFileType = wrapper.application; includeInIndex = 0; path = KI5SK.app; sourceTree = BUILT_PRODUCTS_DIR; };
		4E2AC78A2B3BAAEF0000CF39 /* AppDelegate.swift */ = {isa = PBXFileReference; lastKnownFileType = sourcecode.swift; path = AppDelegate.swift; sourceTree = "<group>"; };
		4E2AC78C2B3BAAEF0000CF39 /* SceneDelegate.swift */ = {isa = PBXFileReference; lastKnownFileType = sourcecode.swift; path = SceneDelegate.swift; sourceTree = "<group>"; };
		4E2AC78E2B3BAAEF0000CF39 /* BurgerVC.swift */ = {isa = PBXFileReference; lastKnownFileType = sourcecode.swift; path = BurgerVC.swift; sourceTree = "<group>"; };
		4E2AC7912B3BAAEF0000CF39 /* Base */ = {isa = PBXFileReference; lastKnownFileType = file.storyboard; name = Base; path = Base.lproj/Burger.storyboard; sourceTree = "<group>"; };
		4E2AC7932B3BAAF00000CF39 /* Assets.xcassets */ = {isa = PBXFileReference; lastKnownFileType = folder.assetcatalog; path = Assets.xcassets; sourceTree = "<group>"; };
		4E2AC7962B3BAAF00000CF39 /* Base */ = {isa = PBXFileReference; lastKnownFileType = file.storyboard; name = Base; path = Base.lproj/LaunchScreen.storyboard; sourceTree = "<group>"; };
		4E2AC7982B3BAAF00000CF39 /* Info.plist */ = {isa = PBXFileReference; lastKnownFileType = text.plist.xml; path = Info.plist; sourceTree = "<group>"; };
		4E2AC7A02B3BB7A70000CF39 /* Pretendard-Bold.otf */ = {isa = PBXFileReference; lastKnownFileType = file; path = "Pretendard-Bold.otf"; sourceTree = "<group>"; };
		4E2AC7A12B3BB7A70000CF39 /* Pretendard-ExtraLight.otf */ = {isa = PBXFileReference; lastKnownFileType = file; path = "Pretendard-ExtraLight.otf"; sourceTree = "<group>"; };
		4E2AC7A22B3BB7A70000CF39 /* Pretendard-Thin.otf */ = {isa = PBXFileReference; lastKnownFileType = file; path = "Pretendard-Thin.otf"; sourceTree = "<group>"; };
		4E2AC7A32B3BB7A70000CF39 /* Pretendard-SemiBold.otf */ = {isa = PBXFileReference; lastKnownFileType = file; path = "Pretendard-SemiBold.otf"; sourceTree = "<group>"; };
		4E2AC7A42B3BB7A70000CF39 /* Pretendard-ExtraBold.otf */ = {isa = PBXFileReference; lastKnownFileType = file; path = "Pretendard-ExtraBold.otf"; sourceTree = "<group>"; };
		4E2AC7A52B3BB7A80000CF39 /* Pretendard-Black.otf */ = {isa = PBXFileReference; lastKnownFileType = file; path = "Pretendard-Black.otf"; sourceTree = "<group>"; };
		4E2AC7A62B3BB7A80000CF39 /* Pretendard-Light.otf */ = {isa = PBXFileReference; lastKnownFileType = file; path = "Pretendard-Light.otf"; sourceTree = "<group>"; };
		4E2AC7A72B3BB7A80000CF39 /* Pretendard-Regular.otf */ = {isa = PBXFileReference; lastKnownFileType = file; path = "Pretendard-Regular.otf"; sourceTree = "<group>"; };
		4E2AC7A82B3BB7A80000CF39 /* Pretendard-Medium.otf */ = {isa = PBXFileReference; lastKnownFileType = file; path = "Pretendard-Medium.otf"; sourceTree = "<group>"; };
		4E89900B2B3C0A9E00B7FB5C /* BurgerCvCell.swift */ = {isa = PBXFileReference; lastKnownFileType = sourcecode.swift; path = BurgerCvCell.swift; sourceTree = "<group>"; };
		4E8990122B3C686900B7FB5C /* Beverage.storyboard */ = {isa = PBXFileReference; lastKnownFileType = file.storyboard; path = Beverage.storyboard; sourceTree = "<group>"; };
		4E8990142B3C687D00B7FB5C /* BeverageVC.swift */ = {isa = PBXFileReference; lastKnownFileType = sourcecode.swift; path = BeverageVC.swift; sourceTree = "<group>"; };
		4E8990162B3C689B00B7FB5C /* BeverageCvCell.swift */ = {isa = PBXFileReference; lastKnownFileType = sourcecode.swift; path = BeverageCvCell.swift; sourceTree = "<group>"; };
		4E8990182B3C8A2A00B7FB5C /* Dessert.storyboard */ = {isa = PBXFileReference; lastKnownFileType = file.storyboard; path = Dessert.storyboard; sourceTree = "<group>"; };
		4E89901A2B3C8A6A00B7FB5C /* DessertVC.swift */ = {isa = PBXFileReference; lastKnownFileType = sourcecode.swift; path = DessertVC.swift; sourceTree = "<group>"; };
		4E89901C2B3C8A8200B7FB5C /* DessertCvCell.swift */ = {isa = PBXFileReference; lastKnownFileType = sourcecode.swift; path = DessertCvCell.swift; sourceTree = "<group>"; };
		4EA7C6AD2B3D12FC00357FE0 /* DetailOption.storyboard */ = {isa = PBXFileReference; lastKnownFileType = file.storyboard; path = DetailOption.storyboard; sourceTree = "<group>"; };
		4EA7C6AF2B3D133700357FE0 /* DetailOptionVC.swift */ = {isa = PBXFileReference; lastKnownFileType = sourcecode.swift; path = DetailOptionVC.swift; sourceTree = "<group>"; };
		4EA7C6B32B3D139F00357FE0 /* Cart.storyboard */ = {isa = PBXFileReference; lastKnownFileType = file.storyboard; path = Cart.storyboard; sourceTree = "<group>"; };
		4EA7C6B52B3D13B100357FE0 /* CartPaymentViewController.swift */ = {isa = PBXFileReference; lastKnownFileType = sourcecode.swift; path = CartPaymentViewController.swift; sourceTree = "<group>"; };
		E04D44552B3E5EA50039FB03 /* CartPaymentCell.swift */ = {isa = PBXFileReference; lastKnownFileType = sourcecode.swift; path = CartPaymentCell.swift; sourceTree = "<group>"; };
		E04D44572B3E967D0039FB03 /* FooterView.storyboard */ = {isa = PBXFileReference; lastKnownFileType = file.storyboard; path = FooterView.storyboard; sourceTree = "<group>"; };
		E04D445A2B3E9F4F0039FB03 /* FooterCell.swift */ = {isa = PBXFileReference; lastKnownFileType = sourcecode.swift; path = FooterCell.swift; sourceTree = "<group>"; };
		E04D445C2B3ED59C0039FB03 /* ModelManage.swift */ = {isa = PBXFileReference; lastKnownFileType = sourcecode.swift; path = ModelManage.swift; sourceTree = "<group>"; };
		E06566D92B3D3E8000CF1567 /* Menu.swift */ = {isa = PBXFileReference; lastKnownFileType = sourcecode.swift; path = Menu.swift; sourceTree = "<group>"; };
		E06566E12B3D64C200CF1567 /* FooterViewVC.swift */ = {isa = PBXFileReference; fileEncoding = 4; lastKnownFileType = sourcecode.swift; path = FooterViewVC.swift; sourceTree = "<group>"; };
/* End PBXFileReference section */

/* Begin PBXFrameworksBuildPhase section */
		4E2AC7842B3BAAEF0000CF39 /* Frameworks */ = {
			isa = PBXFrameworksBuildPhase;
			buildActionMask = 2147483647;
			files = (
			);
			runOnlyForDeploymentPostprocessing = 0;
		};
/* End PBXFrameworksBuildPhase section */

/* Begin PBXGroup section */
		4E2AC77E2B3BAAEF0000CF39 = {
			isa = PBXGroup;
			children = (
				4E2AC7892B3BAAEF0000CF39 /* KI5SK */,
				4E2AC7882B3BAAEF0000CF39 /* Products */,
			);
			sourceTree = "<group>";
		};
		4E2AC7882B3BAAEF0000CF39 /* Products */ = {
			isa = PBXGroup;
			children = (
				4E2AC7872B3BAAEF0000CF39 /* KI5SK.app */,
			);
			name = Products;
			sourceTree = "<group>";
		};
		4E2AC7892B3BAAEF0000CF39 /* KI5SK */ = {
			isa = PBXGroup;
			children = (
				4E8990102B3C409000B7FB5C /* Models */,
				4E89900F2B3C408A00B7FB5C /* Cart */,
				4E89900A2B3BFABB00B7FB5C /* Burger */,
				4E89900D2B3C406900B7FB5C /* Beverage */,
				4E89900E2B3C408000B7FB5C /* Dessert */,
				4E8990112B3C410600B7FB5C /* DetailOption */,
				4E2AC78A2B3BAAEF0000CF39 /* AppDelegate.swift */,
				4E2AC78C2B3BAAEF0000CF39 /* SceneDelegate.swift */,
				4E2AC7932B3BAAF00000CF39 /* Assets.xcassets */,
				4E2AC7952B3BAAF00000CF39 /* LaunchScreen.storyboard */,
				4E2AC7982B3BAAF00000CF39 /* Info.plist */,
				4E2AC79F2B3BB76B0000CF39 /* Fonts */,
			);
			path = KI5SK;
			sourceTree = "<group>";
		};
		4E2AC79F2B3BB76B0000CF39 /* Fonts */ = {
			isa = PBXGroup;
			children = (
				4E2AC7A52B3BB7A80000CF39 /* Pretendard-Black.otf */,
				4E2AC7A02B3BB7A70000CF39 /* Pretendard-Bold.otf */,
				4E2AC7A42B3BB7A70000CF39 /* Pretendard-ExtraBold.otf */,
				4E2AC7A12B3BB7A70000CF39 /* Pretendard-ExtraLight.otf */,
				4E2AC7A62B3BB7A80000CF39 /* Pretendard-Light.otf */,
				4E2AC7A82B3BB7A80000CF39 /* Pretendard-Medium.otf */,
				4E2AC7A72B3BB7A80000CF39 /* Pretendard-Regular.otf */,
				4E2AC7A32B3BB7A70000CF39 /* Pretendard-SemiBold.otf */,
				4E2AC7A22B3BB7A70000CF39 /* Pretendard-Thin.otf */,
			);
			path = Fonts;
			sourceTree = "<group>";
		};
		4E89900A2B3BFABB00B7FB5C /* Burger */ = {
			isa = PBXGroup;
			children = (
				E04D44592B3E96E80039FB03 /* Footer */,
				4E89900B2B3C0A9E00B7FB5C /* BurgerCvCell.swift */,
				4E2AC78E2B3BAAEF0000CF39 /* BurgerVC.swift */,
				4E2AC7902B3BAAEF0000CF39 /* Burger.storyboard */,
			);
			path = Burger;
			sourceTree = "<group>";
		};
		4E89900D2B3C406900B7FB5C /* Beverage */ = {
			isa = PBXGroup;
			children = (
				4E8990162B3C689B00B7FB5C /* BeverageCvCell.swift */,
				4E8990142B3C687D00B7FB5C /* BeverageVC.swift */,
				4E8990122B3C686900B7FB5C /* Beverage.storyboard */,
			);
			path = Beverage;
			sourceTree = "<group>";
		};
		4E89900E2B3C408000B7FB5C /* Dessert */ = {
			isa = PBXGroup;
			children = (
				4E89901C2B3C8A8200B7FB5C /* DessertCvCell.swift */,
				4E89901A2B3C8A6A00B7FB5C /* DessertVC.swift */,
				4E8990182B3C8A2A00B7FB5C /* Dessert.storyboard */,
			);
			path = Dessert;
			sourceTree = "<group>";
		};
		4E89900F2B3C408A00B7FB5C /* Cart */ = {
			isa = PBXGroup;
			children = (
				4EA7C6B52B3D13B100357FE0 /* CartPaymentViewController.swift */,
				E04D44552B3E5EA50039FB03 /* CartPaymentCell.swift */,
				4EA7C6B32B3D139F00357FE0 /* Cart.storyboard */,
			);
			path = Cart;
			sourceTree = "<group>";
		};
		4E8990102B3C409000B7FB5C /* Models */ = {
			isa = PBXGroup;
			children = (
				E06566D92B3D3E8000CF1567 /* Menu.swift */,
				E04D445C2B3ED59C0039FB03 /* ModelManage.swift */,
			);
			path = Models;
			sourceTree = "<group>";
		};
		4E8990112B3C410600B7FB5C /* DetailOption */ = {
			isa = PBXGroup;
			children = (
				4EA7C6AF2B3D133700357FE0 /* DetailOptionVC.swift */,
				4EA7C6AD2B3D12FC00357FE0 /* DetailOption.storyboard */,
			);
			path = DetailOption;
			sourceTree = "<group>";
		};
		E04D44592B3E96E80039FB03 /* Footer */ = {
			isa = PBXGroup;
			children = (
				E06566E12B3D64C200CF1567 /* FooterViewVC.swift */,
				E04D445A2B3E9F4F0039FB03 /* FooterCell.swift */,
				E04D44572B3E967D0039FB03 /* FooterView.storyboard */,
			);
			path = Footer;
			sourceTree = "<group>";
		};
/* End PBXGroup section */

/* Begin PBXNativeTarget section */
		4E2AC7862B3BAAEF0000CF39 /* KI5SK */ = {
			isa = PBXNativeTarget;
			buildConfigurationList = 4E2AC79B2B3BAAF00000CF39 /* Build configuration list for PBXNativeTarget "KI5SK" */;
			buildPhases = (
				4E2AC7832B3BAAEF0000CF39 /* Sources */,
				4E2AC7842B3BAAEF0000CF39 /* Frameworks */,
				4E2AC7852B3BAAEF0000CF39 /* Resources */,
			);
			buildRules = (
			);
			dependencies = (
			);
			name = KI5SK;
			productName = KI5SK;
			productReference = 4E2AC7872B3BAAEF0000CF39 /* KI5SK.app */;
			productType = "com.apple.product-type.application";
		};
/* End PBXNativeTarget section */

/* Begin PBXProject section */
		4E2AC77F2B3BAAEF0000CF39 /* Project object */ = {
			isa = PBXProject;
			attributes = {
				BuildIndependentTargetsInParallel = 1;
				LastSwiftUpdateCheck = 1410;
				LastUpgradeCheck = 1410;
				TargetAttributes = {
					4E2AC7862B3BAAEF0000CF39 = {
						CreatedOnToolsVersion = 14.1;
					};
				};
			};
			buildConfigurationList = 4E2AC7822B3BAAEF0000CF39 /* Build configuration list for PBXProject "KI5SK" */;
			compatibilityVersion = "Xcode 14.0";
			developmentRegion = en;
			hasScannedForEncodings = 0;
			knownRegions = (
				en,
				Base,
			);
			mainGroup = 4E2AC77E2B3BAAEF0000CF39;
			productRefGroup = 4E2AC7882B3BAAEF0000CF39 /* Products */;
			projectDirPath = "";
			projectRoot = "";
			targets = (
				4E2AC7862B3BAAEF0000CF39 /* KI5SK */,
			);
		};
/* End PBXProject section */

/* Begin PBXResourcesBuildPhase section */
		4E2AC7852B3BAAEF0000CF39 /* Resources */ = {
			isa = PBXResourcesBuildPhase;
			buildActionMask = 2147483647;
			files = (
				4EA7C6B42B3D139F00357FE0 /* Cart.storyboard in Resources */,
				4E2AC7972B3BAAF00000CF39 /* LaunchScreen.storyboard in Resources */,
				4E2AC7A92B3BB7A80000CF39 /* Pretendard-Bold.otf in Resources */,
				4E8990132B3C686900B7FB5C /* Beverage.storyboard in Resources */,
				4E2AC7AD2B3BB7A80000CF39 /* Pretendard-ExtraBold.otf in Resources */,
				4E2AC7AF2B3BB7A80000CF39 /* Pretendard-Light.otf in Resources */,
				4E2AC7AC2B3BB7A80000CF39 /* Pretendard-SemiBold.otf in Resources */,
				4E2AC7AE2B3BB7A80000CF39 /* Pretendard-Black.otf in Resources */,
				4E2AC7AA2B3BB7A80000CF39 /* Pretendard-ExtraLight.otf in Resources */,
				4EA7C6AE2B3D12FC00357FE0 /* DetailOption.storyboard in Resources */,
				4E2AC7AB2B3BB7A80000CF39 /* Pretendard-Thin.otf in Resources */,
				4E8990192B3C8A2A00B7FB5C /* Dessert.storyboard in Resources */,
				4E2AC7B02B3BB7A80000CF39 /* Pretendard-Regular.otf in Resources */,
				4E2AC7942B3BAAF00000CF39 /* Assets.xcassets in Resources */,
				4E2AC7922B3BAAEF0000CF39 /* Burger.storyboard in Resources */,
				E04D44582B3E967D0039FB03 /* FooterView.storyboard in Resources */,
				4E2AC7B12B3BB7A80000CF39 /* Pretendard-Medium.otf in Resources */,
			);
			runOnlyForDeploymentPostprocessing = 0;
		};
/* End PBXResourcesBuildPhase section */

/* Begin PBXSourcesBuildPhase section */
		4E2AC7832B3BAAEF0000CF39 /* Sources */ = {
			isa = PBXSourcesBuildPhase;
			buildActionMask = 2147483647;
			files = (
				E06566E32B3D64C300CF1567 /* FooterViewVC.swift in Sources */,
				4EA7C6B02B3D133700357FE0 /* DetailOptionVC.swift in Sources */,
				4E8990172B3C689C00B7FB5C /* BeverageCvCell.swift in Sources */,
				4E2AC78F2B3BAAEF0000CF39 /* BurgerVC.swift in Sources */,
				4E8990152B3C687D00B7FB5C /* BeverageVC.swift in Sources */,
				4E89901D2B3C8A8200B7FB5C /* DessertCvCell.swift in Sources */,
				E04D445D2B3ED59C0039FB03 /* ModelManage.swift in Sources */,
				4E2AC78B2B3BAAEF0000CF39 /* AppDelegate.swift in Sources */,
				4EA7C6B62B3D13B100357FE0 /* CartPaymentViewController.swift in Sources */,
				E06566DA2B3D3E8000CF1567 /* Menu.swift in Sources */,
				E04D445B2B3E9F4F0039FB03 /* FooterCell.swift in Sources */,
				E04D44562B3E5EA50039FB03 /* CartPaymentCell.swift in Sources */,
				4E89901B2B3C8A6A00B7FB5C /* DessertVC.swift in Sources */,
				4E2AC78D2B3BAAEF0000CF39 /* SceneDelegate.swift in Sources */,
				4E89900C2B3C0A9E00B7FB5C /* BurgerCvCell.swift in Sources */,
			);
			runOnlyForDeploymentPostprocessing = 0;
		};
/* End PBXSourcesBuildPhase section */

/* Begin PBXVariantGroup section */
		4E2AC7902B3BAAEF0000CF39 /* Burger.storyboard */ = {
			isa = PBXVariantGroup;
			children = (
				4E2AC7912B3BAAEF0000CF39 /* Base */,
			);
			name = Burger.storyboard;
			sourceTree = "<group>";
		};
		4E2AC7952B3BAAF00000CF39 /* LaunchScreen.storyboard */ = {
			isa = PBXVariantGroup;
			children = (
				4E2AC7962B3BAAF00000CF39 /* Base */,
			);
			name = LaunchScreen.storyboard;
			sourceTree = "<group>";
		};
/* End PBXVariantGroup section */

/* Begin XCBuildConfiguration section */
		4E2AC7992B3BAAF00000CF39 /* Debug */ = {
			isa = XCBuildConfiguration;
			buildSettings = {
				ALWAYS_SEARCH_USER_PATHS = NO;
				CLANG_ANALYZER_NONNULL = YES;
				CLANG_ANALYZER_NUMBER_OBJECT_CONVERSION = YES_AGGRESSIVE;
				CLANG_CXX_LANGUAGE_STANDARD = "gnu++20";
				CLANG_ENABLE_MODULES = YES;
				CLANG_ENABLE_OBJC_ARC = YES;
				CLANG_ENABLE_OBJC_WEAK = YES;
				CLANG_WARN_BLOCK_CAPTURE_AUTORELEASING = YES;
				CLANG_WARN_BOOL_CONVERSION = YES;
				CLANG_WARN_COMMA = YES;
				CLANG_WARN_CONSTANT_CONVERSION = YES;
				CLANG_WARN_DEPRECATED_OBJC_IMPLEMENTATIONS = YES;
				CLANG_WARN_DIRECT_OBJC_ISA_USAGE = YES_ERROR;
				CLANG_WARN_DOCUMENTATION_COMMENTS = YES;
				CLANG_WARN_EMPTY_BODY = YES;
				CLANG_WARN_ENUM_CONVERSION = YES;
				CLANG_WARN_INFINITE_RECURSION = YES;
				CLANG_WARN_INT_CONVERSION = YES;
				CLANG_WARN_NON_LITERAL_NULL_CONVERSION = YES;
				CLANG_WARN_OBJC_IMPLICIT_RETAIN_SELF = YES;
				CLANG_WARN_OBJC_LITERAL_CONVERSION = YES;
				CLANG_WARN_OBJC_ROOT_CLASS = YES_ERROR;
				CLANG_WARN_QUOTED_INCLUDE_IN_FRAMEWORK_HEADER = YES;
				CLANG_WARN_RANGE_LOOP_ANALYSIS = YES;
				CLANG_WARN_STRICT_PROTOTYPES = YES;
				CLANG_WARN_SUSPICIOUS_MOVE = YES;
				CLANG_WARN_UNGUARDED_AVAILABILITY = YES_AGGRESSIVE;
				CLANG_WARN_UNREACHABLE_CODE = YES;
				CLANG_WARN__DUPLICATE_METHOD_MATCH = YES;
				COPY_PHASE_STRIP = NO;
				DEBUG_INFORMATION_FORMAT = dwarf;
				ENABLE_STRICT_OBJC_MSGSEND = YES;
				ENABLE_TESTABILITY = YES;
				GCC_C_LANGUAGE_STANDARD = gnu11;
				GCC_DYNAMIC_NO_PIC = NO;
				GCC_NO_COMMON_BLOCKS = YES;
				GCC_OPTIMIZATION_LEVEL = 0;
				GCC_PREPROCESSOR_DEFINITIONS = (
					"DEBUG=1",
					"$(inherited)",
				);
				GCC_WARN_64_TO_32_BIT_CONVERSION = YES;
				GCC_WARN_ABOUT_RETURN_TYPE = YES_ERROR;
				GCC_WARN_UNDECLARED_SELECTOR = YES;
				GCC_WARN_UNINITIALIZED_AUTOS = YES_AGGRESSIVE;
				GCC_WARN_UNUSED_FUNCTION = YES;
				GCC_WARN_UNUSED_VARIABLE = YES;
				IPHONEOS_DEPLOYMENT_TARGET = 16.1;
				MTL_ENABLE_DEBUG_INFO = INCLUDE_SOURCE;
				MTL_FAST_MATH = YES;
				ONLY_ACTIVE_ARCH = YES;
				SDKROOT = iphoneos;
				SWIFT_ACTIVE_COMPILATION_CONDITIONS = DEBUG;
				SWIFT_OPTIMIZATION_LEVEL = "-Onone";
			};
			name = Debug;
		};
		4E2AC79A2B3BAAF00000CF39 /* Release */ = {
			isa = XCBuildConfiguration;
			buildSettings = {
				ALWAYS_SEARCH_USER_PATHS = NO;
				CLANG_ANALYZER_NONNULL = YES;
				CLANG_ANALYZER_NUMBER_OBJECT_CONVERSION = YES_AGGRESSIVE;
				CLANG_CXX_LANGUAGE_STANDARD = "gnu++20";
				CLANG_ENABLE_MODULES = YES;
				CLANG_ENABLE_OBJC_ARC = YES;
				CLANG_ENABLE_OBJC_WEAK = YES;
				CLANG_WARN_BLOCK_CAPTURE_AUTORELEASING = YES;
				CLANG_WARN_BOOL_CONVERSION = YES;
				CLANG_WARN_COMMA = YES;
				CLANG_WARN_CONSTANT_CONVERSION = YES;
				CLANG_WARN_DEPRECATED_OBJC_IMPLEMENTATIONS = YES;
				CLANG_WARN_DIRECT_OBJC_ISA_USAGE = YES_ERROR;
				CLANG_WARN_DOCUMENTATION_COMMENTS = YES;
				CLANG_WARN_EMPTY_BODY = YES;
				CLANG_WARN_ENUM_CONVERSION = YES;
				CLANG_WARN_INFINITE_RECURSION = YES;
				CLANG_WARN_INT_CONVERSION = YES;
				CLANG_WARN_NON_LITERAL_NULL_CONVERSION = YES;
				CLANG_WARN_OBJC_IMPLICIT_RETAIN_SELF = YES;
				CLANG_WARN_OBJC_LITERAL_CONVERSION = YES;
				CLANG_WARN_OBJC_ROOT_CLASS = YES_ERROR;
				CLANG_WARN_QUOTED_INCLUDE_IN_FRAMEWORK_HEADER = YES;
				CLANG_WARN_RANGE_LOOP_ANALYSIS = YES;
				CLANG_WARN_STRICT_PROTOTYPES = YES;
				CLANG_WARN_SUSPICIOUS_MOVE = YES;
				CLANG_WARN_UNGUARDED_AVAILABILITY = YES_AGGRESSIVE;
				CLANG_WARN_UNREACHABLE_CODE = YES;
				CLANG_WARN__DUPLICATE_METHOD_MATCH = YES;
				COPY_PHASE_STRIP = NO;
				DEBUG_INFORMATION_FORMAT = "dwarf-with-dsym";
				ENABLE_NS_ASSERTIONS = NO;
				ENABLE_STRICT_OBJC_MSGSEND = YES;
				GCC_C_LANGUAGE_STANDARD = gnu11;
				GCC_NO_COMMON_BLOCKS = YES;
				GCC_WARN_64_TO_32_BIT_CONVERSION = YES;
				GCC_WARN_ABOUT_RETURN_TYPE = YES_ERROR;
				GCC_WARN_UNDECLARED_SELECTOR = YES;
				GCC_WARN_UNINITIALIZED_AUTOS = YES_AGGRESSIVE;
				GCC_WARN_UNUSED_FUNCTION = YES;
				GCC_WARN_UNUSED_VARIABLE = YES;
				IPHONEOS_DEPLOYMENT_TARGET = 16.1;
				MTL_ENABLE_DEBUG_INFO = NO;
				MTL_FAST_MATH = YES;
				SDKROOT = iphoneos;
				SWIFT_COMPILATION_MODE = wholemodule;
				SWIFT_OPTIMIZATION_LEVEL = "-O";
				VALIDATE_PRODUCT = YES;
			};
			name = Release;
		};
		4E2AC79C2B3BAAF00000CF39 /* Debug */ = {
			isa = XCBuildConfiguration;
			buildSettings = {
				ASSETCATALOG_COMPILER_APPICON_NAME = AppIcon;
				ASSETCATALOG_COMPILER_GLOBAL_ACCENT_COLOR_NAME = AccentColor;
				CODE_SIGN_STYLE = Automatic;
				CURRENT_PROJECT_VERSION = 1;
				DEVELOPMENT_TEAM = 23N5J9ACJ7;
				GENERATE_INFOPLIST_FILE = YES;
				INFOPLIST_FILE = KI5SK/Info.plist;
				INFOPLIST_KEY_UIApplicationSupportsIndirectInputEvents = YES;
				INFOPLIST_KEY_UILaunchStoryboardName = LaunchScreen;
				INFOPLIST_KEY_UIMainStoryboardFile = Burger;
				INFOPLIST_KEY_UIStatusBarStyle = "";
				INFOPLIST_KEY_UISupportedInterfaceOrientations = UIInterfaceOrientationPortrait;
				IPHONEOS_DEPLOYMENT_TARGET = 15.0;
				LD_RUNPATH_SEARCH_PATHS = (
					"$(inherited)",
					"@executable_path/Frameworks",
				);
				MARKETING_VERSION = 1.0;
				PRODUCT_BUNDLE_IDENTIFIER = deferare.KI5SK;
				PRODUCT_NAME = "$(TARGET_NAME)";
				SWIFT_EMIT_LOC_STRINGS = YES;
				SWIFT_VERSION = 5.0;
				TARGETED_DEVICE_FAMILY = "1,2";
			};
			name = Debug;
		};
		4E2AC79D2B3BAAF00000CF39 /* Release */ = {
			isa = XCBuildConfiguration;
			buildSettings = {
				ASSETCATALOG_COMPILER_APPICON_NAME = AppIcon;
				ASSETCATALOG_COMPILER_GLOBAL_ACCENT_COLOR_NAME = AccentColor;
				CODE_SIGN_STYLE = Automatic;
				CURRENT_PROJECT_VERSION = 1;
				DEVELOPMENT_TEAM = 23N5J9ACJ7;
				GENERATE_INFOPLIST_FILE = YES;
				INFOPLIST_FILE = KI5SK/Info.plist;
				INFOPLIST_KEY_UIApplicationSupportsIndirectInputEvents = YES;
				INFOPLIST_KEY_UILaunchStoryboardName = LaunchScreen;
				INFOPLIST_KEY_UIMainStoryboardFile = Burger;
				INFOPLIST_KEY_UIStatusBarStyle = "";
				INFOPLIST_KEY_UISupportedInterfaceOrientations = UIInterfaceOrientationPortrait;
				IPHONEOS_DEPLOYMENT_TARGET = 15.0;
				LD_RUNPATH_SEARCH_PATHS = (
					"$(inherited)",
					"@executable_path/Frameworks",
				);
				MARKETING_VERSION = 1.0;
				PRODUCT_BUNDLE_IDENTIFIER = deferare.KI5SK;
				PRODUCT_NAME = "$(TARGET_NAME)";
				SWIFT_EMIT_LOC_STRINGS = YES;
				SWIFT_VERSION = 5.0;
				TARGETED_DEVICE_FAMILY = "1,2";
			};
			name = Release;
		};
/* End XCBuildConfiguration section */

/* Begin XCConfigurationList section */
		4E2AC7822B3BAAEF0000CF39 /* Build configuration list for PBXProject "KI5SK" */ = {
			isa = XCConfigurationList;
			buildConfigurations = (
				4E2AC7992B3BAAF00000CF39 /* Debug */,
				4E2AC79A2B3BAAF00000CF39 /* Release */,
			);
			defaultConfigurationIsVisible = 0;
			defaultConfigurationName = Release;
		};
		4E2AC79B2B3BAAF00000CF39 /* Build configuration list for PBXNativeTarget "KI5SK" */ = {
			isa = XCConfigurationList;
			buildConfigurations = (
				4E2AC79C2B3BAAF00000CF39 /* Debug */,
				4E2AC79D2B3BAAF00000CF39 /* Release */,
			);
			defaultConfigurationIsVisible = 0;
			defaultConfigurationName = Release;
		};
/* End XCConfigurationList section */
	};
	rootObject = 4E2AC77F2B3BAAEF0000CF39 /* Project object */;
}
